{
  "name": "app",
  "version": "1.0.0",
  "lockfileVersion": 2,
  "requires": true,
  "packages": {
    "": {
      "name": "app",
      "version": "1.0.0",
      "license": "MIT",
      "dependencies": {
        "@mozilla-protocol/core": "^16.0.1"
      }
    },
    "node_modules/@mozilla-protocol/core": {
      "version": "16.0.1",
      "resolved": "https://registry.npmjs.org/@mozilla-protocol/core/-/core-16.0.1.tgz",
      "integrity": "sha512-22dS5UA4ASMmaMBYVUr/EsuyVOVPjhzizYOvuYWVhzKPYGCTHeQt5uA735KR7unXbstr6xbe7tB2uAg2xjYJvg=="
    }
  },
  "dependencies": {
    "@mozilla-protocol/core": {
      "version": "16.0.1",
      "resolved": "https://registry.npmjs.org/@mozilla-protocol/core/-/core-16.0.1.tgz",
      "integrity": "sha512-22dS5UA4ASMmaMBYVUr/EsuyVOVPjhzizYOvuYWVhzKPYGCTHeQt5uA735KR7unXbstr6xbe7tB2uAg2xjYJvg=="
    }
  }
}
